
Microsoft Visual Studio Solution File, Format Version 12.00
# Visual Studio Version 16
VisualStudioVersion = 16.0.32510.428
MinimumVisualStudioVersion = 10.0.40219.1
Project("{FAE04EC0-301F-11D3-BF4B-00C04F79EFBC}") = "AtividadeIMC", "AtividadeIMC\AtividadeIMC.csproj", "{59F0DB7A-2E38-4022-8E89-7312F1050187}"
EndProject
Global
	GlobalSection(SolutionConfigurationPlatforms) = preSolution
		Debug|Any CPU = Debug|Any CPU
		Release|Any CPU = Release|Any CPU
	EndGlobalSection
	GlobalSection(ProjectConfigurationPlatforms) = postSolution
		{59F0DB7A-2E38-4022-8E89-7312F1050187}.Debug|Any CPU.ActiveCfg = Debug|Any CPU
		{59F0DB7A-2E38-4022-8E89-7312F1050187}.Debug|Any CPU.Build.0 = Debug|Any CPU
		{59F0DB7A-2E38-4022-8E89-7312F1050187}.Release|Any CPU.ActiveCfg = Release|Any CPU
		{59F0DB7A-2E38-4022-8E89-7312F1050187}.Release|Any CPU.Build.0 = Release|Any CPU
	EndGlobalSection
	GlobalSection(SolutionProperties) = preSolution
		HideSolutionNode = FALSE
	EndGlobalSection
	GlobalSection(ExtensibilityGlobals) = postSolution
		SolutionGuid = {35D0BE90-42BF-492A-AB2A-685B7F2416F7}
	EndGlobalSection
EndGlobal
